
Microsoft Visual Studio Solution File, Format Version 9.00
# Visual Studio 2005
Project("{F184B08F-C81C-45F6-A57F-5ABD9991F28F}") = "XBMCSkinEditor", "XBMCSkinEditor\XBMCSkinEditor.vbproj", "{0A0094D6-3E3C-4CCA-878F-092E45BE1CA4}"
EndProject
Project("{F184B08F-C81C-45F6-A57F-5ABD9991F28F}") = "Interfaces", "Plug-Ins\Interfaces\Interfaces\Interfaces.vbproj", "{52E63A63-B177-4633-B742-08058E697AD9}"
EndProject
Project("{F184B08F-C81C-45F6-A57F-5ABD9991F28F}") = "XMLCleaner", "Plug-Ins\XMLCleaner\XMLCleaner\XMLCleaner.vbproj", "{FB080FB7-9E4B-4A43-82E9-C9A47CA60234}"
EndProject
Project("{F184B08F-C81C-45F6-A57F-5ABD9991F28F}") = "ColorPicker", "Plug-Ins\ColorPicker\ColorPicker\ColorPicker.vbproj", "{9DDAB646-C57E-4E93-8504-953849644F1D}"
EndProject
Project("{F184B08F-C81C-45F6-A57F-5ABD9991F28F}") = "Calculator", "Plug-Ins\Calculator\Calculator\Calculator.vbproj", "{5BC1C527-D61C-4842-98A0-B122BCD74A76}"
EndProject
Project("{F184B08F-C81C-45F6-A57F-5ABD9991F28F}") = "GoogleSearch", "Plug-Ins\GoogleSearchVB\GoogleSearch.vbproj", "{7A31710B-AC1B-468E-8A3E-F0FE5A2F3200}"
EndProject
Project("{F184B08F-C81C-45F6-A57F-5ABD9991F28F}") = "Editor", "Plug-Ins\Editor\Editor\Editor.vbproj", "{B2323756-E5DF-411A-9EB0-C5CC8EA8BBA7}"
EndProject
Global
	GlobalSection(SolutionConfigurationPlatforms) = preSolution
		Debug|Any CPU = Debug|Any CPU
		Release|Any CPU = Release|Any CPU
	EndGlobalSection
	GlobalSection(ProjectConfigurationPlatforms) = postSolution
		{0A0094D6-3E3C-4CCA-878F-092E45BE1CA4}.Debug|Any CPU.ActiveCfg = Debug|Any CPU
		{0A0094D6-3E3C-4CCA-878F-092E45BE1CA4}.Debug|Any CPU.Build.0 = Debug|Any CPU
		{0A0094D6-3E3C-4CCA-878F-092E45BE1CA4}.Release|Any CPU.ActiveCfg = Release|Any CPU
		{0A0094D6-3E3C-4CCA-878F-092E45BE1CA4}.Release|Any CPU.Build.0 = Release|Any CPU
		{52E63A63-B177-4633-B742-08058E697AD9}.Debug|Any CPU.ActiveCfg = Debug|Any CPU
		{52E63A63-B177-4633-B742-08058E697AD9}.Debug|Any CPU.Build.0 = Debug|Any CPU
		{52E63A63-B177-4633-B742-08058E697AD9}.Release|Any CPU.ActiveCfg = Release|Any CPU
		{52E63A63-B177-4633-B742-08058E697AD9}.Release|Any CPU.Build.0 = Release|Any CPU
		{FB080FB7-9E4B-4A43-82E9-C9A47CA60234}.Debug|Any CPU.ActiveCfg = Debug|Any CPU
		{FB080FB7-9E4B-4A43-82E9-C9A47CA60234}.Debug|Any CPU.Build.0 = Debug|Any CPU
		{FB080FB7-9E4B-4A43-82E9-C9A47CA60234}.Release|Any CPU.ActiveCfg = Release|Any CPU
		{FB080FB7-9E4B-4A43-82E9-C9A47CA60234}.Release|Any CPU.Build.0 = Release|Any CPU
		{9DDAB646-C57E-4E93-8504-953849644F1D}.Debug|Any CPU.ActiveCfg = Debug|Any CPU
		{9DDAB646-C57E-4E93-8504-953849644F1D}.Debug|Any CPU.Build.0 = Debug|Any CPU
		{9DDAB646-C57E-4E93-8504-953849644F1D}.Release|Any CPU.ActiveCfg = Release|Any CPU
		{9DDAB646-C57E-4E93-8504-953849644F1D}.Release|Any CPU.Build.0 = Release|Any CPU
		{5BC1C527-D61C-4842-98A0-B122BCD74A76}.Debug|Any CPU.ActiveCfg = Debug|Any CPU
		{5BC1C527-D61C-4842-98A0-B122BCD74A76}.Debug|Any CPU.Build.0 = Debug|Any CPU
		{5BC1C527-D61C-4842-98A0-B122BCD74A76}.Release|Any CPU.ActiveCfg = Release|Any CPU
		{5BC1C527-D61C-4842-98A0-B122BCD74A76}.Release|Any CPU.Build.0 = Release|Any CPU
		{7A31710B-AC1B-468E-8A3E-F0FE5A2F3200}.Debug|Any CPU.ActiveCfg = Debug|Any CPU
		{7A31710B-AC1B-468E-8A3E-F0FE5A2F3200}.Debug|Any CPU.Build.0 = Debug|Any CPU
		{7A31710B-AC1B-468E-8A3E-F0FE5A2F3200}.Release|Any CPU.ActiveCfg = Release|Any CPU
		{7A31710B-AC1B-468E-8A3E-F0FE5A2F3200}.Release|Any CPU.Build.0 = Release|Any CPU
		{B2323756-E5DF-411A-9EB0-C5CC8EA8BBA7}.Debug|Any CPU.ActiveCfg = Debug|Any CPU
		{B2323756-E5DF-411A-9EB0-C5CC8EA8BBA7}.Debug|Any CPU.Build.0 = Debug|Any CPU
		{B2323756-E5DF-411A-9EB0-C5CC8EA8BBA7}.Release|Any CPU.ActiveCfg = Release|Any CPU
		{B2323756-E5DF-411A-9EB0-C5CC8EA8BBA7}.Release|Any CPU.Build.0 = Release|Any CPU
	EndGlobalSection
	GlobalSection(SolutionProperties) = preSolution
		HideSolutionNode = FALSE
	EndGlobalSection
EndGlobal
